// !$*UTF8*$!
{
	archiveVersion = 1;
	classes = {
	};
	objectVersion = 50;
	objects = {

/* Begin PBXBuildFile section */
		9F02BF1225EBDEEC007AA770 /* AppDelegate.swift in Sources */ = {isa = PBXBuildFile; fileRef = 9F02BF1125EBDEEC007AA770 /* AppDelegate.swift */; };
		9F02BF1425EBDEEC007AA770 /* SceneDelegate.swift in Sources */ = {isa = PBXBuildFile; fileRef = 9F02BF1325EBDEEC007AA770 /* SceneDelegate.swift */; };
		9F02BF1625EBDEEC007AA770 /* HomeViewController.swift in Sources */ = {isa = PBXBuildFile; fileRef = 9F02BF1525EBDEEC007AA770 /* HomeViewController.swift */; };
		9F02BF1B25EBDEED007AA770 /* Assets.xcassets in Resources */ = {isa = PBXBuildFile; fileRef = 9F02BF1A25EBDEED007AA770 /* Assets.xcassets */; };
		9F02BF1E25EBDEED007AA770 /* LaunchScreen.storyboard in Resources */ = {isa = PBXBuildFile; fileRef = 9F02BF1C25EBDEED007AA770 /* LaunchScreen.storyboard */; };
		9F04C22725F7639F00669E1A /* SettingsModels.swift in Sources */ = {isa = PBXBuildFile; fileRef = 9F04C22625F7639F00669E1A /* SettingsModels.swift */; };
		9FAD605225EBE29B004ABFCF /* TabBarViewController.swift in Sources */ = {isa = PBXBuildFile; fileRef = 9FAD605125EBE29B004ABFCF /* TabBarViewController.swift */; };
		9FAD605625EBE2C3004ABFCF /* SearchViewController.swift in Sources */ = {isa = PBXBuildFile; fileRef = 9FAD605525EBE2C3004ABFCF /* SearchViewController.swift */; };
		9FAD605925EBE2D5004ABFCF /* LibraryViewController.swift in Sources */ = {isa = PBXBuildFile; fileRef = 9FAD605825EBE2D5004ABFCF /* LibraryViewController.swift */; };
		9FAD605F25EBE318004ABFCF /* AuthViewController.swift in Sources */ = {isa = PBXBuildFile; fileRef = 9FAD605E25EBE318004ABFCF /* AuthViewController.swift */; };
		9FAD606225EBE322004ABFCF /* WelcomeViewController.swift in Sources */ = {isa = PBXBuildFile; fileRef = 9FAD606125EBE322004ABFCF /* WelcomeViewController.swift */; };
		9FAD606525EBE34B004ABFCF /* SettingsViewController.swift in Sources */ = {isa = PBXBuildFile; fileRef = 9FAD606425EBE34B004ABFCF /* SettingsViewController.swift */; };
		9FAD606825EBE361004ABFCF /* ProfileViewController.swift in Sources */ = {isa = PBXBuildFile; fileRef = 9FAD606725EBE361004ABFCF /* ProfileViewController.swift */; };
		9FAD606B25EBE369004ABFCF /* PlayerViewController.swift in Sources */ = {isa = PBXBuildFile; fileRef = 9FAD606A25EBE369004ABFCF /* PlayerViewController.swift */; };
		9FAD606E25EBE378004ABFCF /* PlaylistViewController.swift in Sources */ = {isa = PBXBuildFile; fileRef = 9FAD606D25EBE378004ABFCF /* PlaylistViewController.swift */; };
		9FAD607125EBE39B004ABFCF /* SearchResultsViewController.swift in Sources */ = {isa = PBXBuildFile; fileRef = 9FAD607025EBE39B004ABFCF /* SearchResultsViewController.swift */; };
		9FAD607925EBE3F4004ABFCF /* AuthManager.swift in Sources */ = {isa = PBXBuildFile; fileRef = 9FAD607825EBE3F4004ABFCF /* AuthManager.swift */; };
		9FAD607C25EBE40E004ABFCF /* APICaller.swift in Sources */ = {isa = PBXBuildFile; fileRef = 9FAD607B25EBE40E004ABFCF /* APICaller.swift */; };
		9FAD607F25EBE41F004ABFCF /* HapticsManagers.swift in Sources */ = {isa = PBXBuildFile; fileRef = 9FAD607E25EBE41F004ABFCF /* HapticsManagers.swift */; };
		9FAD608225EBE447004ABFCF /* Playlist.swift in Sources */ = {isa = PBXBuildFile; fileRef = 9FAD608125EBE447004ABFCF /* Playlist.swift */; };
		9FAD608525EBE457004ABFCF /* AudioTrack.swift in Sources */ = {isa = PBXBuildFile; fileRef = 9FAD608425EBE457004ABFCF /* AudioTrack.swift */; };
		9FAD608825EBE46B004ABFCF /* Artist.swift in Sources */ = {isa = PBXBuildFile; fileRef = 9FAD608725EBE46B004ABFCF /* Artist.swift */; };
		9FAD608B25EBE483004ABFCF /* UserProfile.swift in Sources */ = {isa = PBXBuildFile; fileRef = 9FAD608A25EBE483004ABFCF /* UserProfile.swift */; };
		9FAD608F25EBEED0004ABFCF /* Extensions.swift in Sources */ = {isa = PBXBuildFile; fileRef = 9FAD608E25EBEED0004ABFCF /* Extensions.swift */; };
		9FAD609325EC4671004ABFCF /* AuthResponse.swift in Sources */ = {isa = PBXBuildFile; fileRef = 9FAD609225EC4671004ABFCF /* AuthResponse.swift */; };
/* End PBXBuildFile section */

/* Begin PBXFileReference section */
		9F02BF0E25EBDEEC007AA770 /* Spotify.app */ = {isa = PBXFileReference; explicitFileType = wrapper.application; includeInIndex = 0; path = Spotify.app; sourceTree = BUILT_PRODUCTS_DIR; };
		9F02BF1125EBDEEC007AA770 /* AppDelegate.swift */ = {isa = PBXFileReference; lastKnownFileType = sourcecode.swift; path = AppDelegate.swift; sourceTree = "<group>"; };
		9F02BF1325EBDEEC007AA770 /* SceneDelegate.swift */ = {isa = PBXFileReference; lastKnownFileType = sourcecode.swift; path = SceneDelegate.swift; sourceTree = "<group>"; };
		9F02BF1525EBDEEC007AA770 /* HomeViewController.swift */ = {isa = PBXFileReference; lastKnownFileType = sourcecode.swift; path = HomeViewController.swift; sourceTree = "<group>"; };
		9F02BF1A25EBDEED007AA770 /* Assets.xcassets */ = {isa = PBXFileReference; lastKnownFileType = folder.assetcatalog; path = Assets.xcassets; sourceTree = "<group>"; };
		9F02BF1D25EBDEED007AA770 /* Base */ = {isa = PBXFileReference; lastKnownFileType = file.storyboard; name = Base; path = Base.lproj/LaunchScreen.storyboard; sourceTree = "<group>"; };
		9F02BF1F25EBDEED007AA770 /* Info.plist */ = {isa = PBXFileReference; lastKnownFileType = text.plist.xml; path = Info.plist; sourceTree = "<group>"; };
		9F04C22625F7639F00669E1A /* SettingsModels.swift */ = {isa = PBXFileReference; lastKnownFileType = sourcecode.swift; path = SettingsModels.swift; sourceTree = "<group>"; };
		9FAD605125EBE29B004ABFCF /* TabBarViewController.swift */ = {isa = PBXFileReference; lastKnownFileType = sourcecode.swift; path = TabBarViewController.swift; sourceTree = "<group>"; };
		9FAD605525EBE2C3004ABFCF /* SearchViewController.swift */ = {isa = PBXFileReference; lastKnownFileType = sourcecode.swift; path = SearchViewController.swift; sourceTree = "<group>"; };
		9FAD605825EBE2D5004ABFCF /* LibraryViewController.swift */ = {isa = PBXFileReference; lastKnownFileType = sourcecode.swift; path = LibraryViewController.swift; sourceTree = "<group>"; };
		9FAD605E25EBE318004ABFCF /* AuthViewController.swift */ = {isa = PBXFileReference; lastKnownFileType = sourcecode.swift; path = AuthViewController.swift; sourceTree = "<group>"; };
		9FAD606125EBE322004ABFCF /* WelcomeViewController.swift */ = {isa = PBXFileReference; lastKnownFileType = sourcecode.swift; path = WelcomeViewController.swift; sourceTree = "<group>"; };
		9FAD606425EBE34B004ABFCF /* SettingsViewController.swift */ = {isa = PBXFileReference; lastKnownFileType = sourcecode.swift; path = SettingsViewController.swift; sourceTree = "<group>"; };
		9FAD606725EBE361004ABFCF /* ProfileViewController.swift */ = {isa = PBXFileReference; lastKnownFileType = sourcecode.swift; path = ProfileViewController.swift; sourceTree = "<group>"; };
		9FAD606A25EBE369004ABFCF /* PlayerViewController.swift */ = {isa = PBXFileReference; lastKnownFileType = sourcecode.swift; path = PlayerViewController.swift; sourceTree = "<group>"; };
		9FAD606D25EBE378004ABFCF /* PlaylistViewController.swift */ = {isa = PBXFileReference; lastKnownFileType = sourcecode.swift; path = PlaylistViewController.swift; sourceTree = "<group>"; };
		9FAD607025EBE39B004ABFCF /* SearchResultsViewController.swift */ = {isa = PBXFileReference; lastKnownFileType = sourcecode.swift; path = SearchResultsViewController.swift; sourceTree = "<group>"; };
		9FAD607825EBE3F4004ABFCF /* AuthManager.swift */ = {isa = PBXFileReference; lastKnownFileType = sourcecode.swift; path = AuthManager.swift; sourceTree = "<group>"; };
		9FAD607B25EBE40E004ABFCF /* APICaller.swift */ = {isa = PBXFileReference; lastKnownFileType = sourcecode.swift; path = APICaller.swift; sourceTree = "<group>"; };
		9FAD607E25EBE41F004ABFCF /* HapticsManagers.swift */ = {isa = PBXFileReference; lastKnownFileType = sourcecode.swift; path = HapticsManagers.swift; sourceTree = "<group>"; };
		9FAD608125EBE447004ABFCF /* Playlist.swift */ = {isa = PBXFileReference; lastKnownFileType = sourcecode.swift; path = Playlist.swift; sourceTree = "<group>"; };
		9FAD608425EBE457004ABFCF /* AudioTrack.swift */ = {isa = PBXFileReference; lastKnownFileType = sourcecode.swift; path = AudioTrack.swift; sourceTree = "<group>"; };
		9FAD608725EBE46B004ABFCF /* Artist.swift */ = {isa = PBXFileReference; lastKnownFileType = sourcecode.swift; path = Artist.swift; sourceTree = "<group>"; };
		9FAD608A25EBE483004ABFCF /* UserProfile.swift */ = {isa = PBXFileReference; lastKnownFileType = sourcecode.swift; path = UserProfile.swift; sourceTree = "<group>"; };
		9FAD608E25EBEED0004ABFCF /* Extensions.swift */ = {isa = PBXFileReference; lastKnownFileType = sourcecode.swift; path = Extensions.swift; sourceTree = "<group>"; };
		9FAD609225EC4671004ABFCF /* AuthResponse.swift */ = {isa = PBXFileReference; lastKnownFileType = sourcecode.swift; path = AuthResponse.swift; sourceTree = "<group>"; };
/* End PBXFileReference section */

/* Begin PBXFrameworksBuildPhase section */
		9F02BF0B25EBDEEC007AA770 /* Frameworks */ = {
			isa = PBXFrameworksBuildPhase;
			buildActionMask = 2147483647;
			files = (
			);
			runOnlyForDeploymentPostprocessing = 0;
		};
/* End PBXFrameworksBuildPhase section */

/* Begin PBXGroup section */
		9F02BF0525EBDEEC007AA770 = {
			isa = PBXGroup;
			children = (
				9F02BF1025EBDEEC007AA770 /* Spotify */,
				9F02BF0F25EBDEEC007AA770 /* Products */,
			);
			sourceTree = "<group>";
		};
		9F02BF0F25EBDEEC007AA770 /* Products */ = {
			isa = PBXGroup;
			children = (
				9F02BF0E25EBDEEC007AA770 /* Spotify.app */,
			);
			name = Products;
			sourceTree = "<group>";
		};
		9F02BF1025EBDEEC007AA770 /* Spotify */ = {
			isa = PBXGroup;
			children = (
				9FAD604A25EBE026004ABFCF /* Managers */,
				9FAD604B25EBE031004ABFCF /* Models */,
				9FAD604D25EBE045004ABFCF /* Resources */,
				9FAD604C25EBE03B004ABFCF /* Controllers */,
				9FAD604925EBE01E004ABFCF /* ViewModels */,
				9FAD604825EBE017004ABFCF /* Views */,
				9F02BF1F25EBDEED007AA770 /* Info.plist */,
			);
			path = Spotify;
			sourceTree = "<group>";
		};
		9FAD604825EBE017004ABFCF /* Views */ = {
			isa = PBXGroup;
			children = (
				9F02BF1C25EBDEED007AA770 /* LaunchScreen.storyboard */,
			);
			path = Views;
			sourceTree = "<group>";
		};
		9FAD604925EBE01E004ABFCF /* ViewModels */ = {
			isa = PBXGroup;
			children = (
			);
			path = ViewModels;
			sourceTree = "<group>";
		};
		9FAD604A25EBE026004ABFCF /* Managers */ = {
			isa = PBXGroup;
			children = (
				9FAD607825EBE3F4004ABFCF /* AuthManager.swift */,
				9FAD607B25EBE40E004ABFCF /* APICaller.swift */,
				9FAD607E25EBE41F004ABFCF /* HapticsManagers.swift */,
			);
			path = Managers;
			sourceTree = "<group>";
		};
		9FAD604B25EBE031004ABFCF /* Models */ = {
			isa = PBXGroup;
			children = (
				9FAD608125EBE447004ABFCF /* Playlist.swift */,
				9FAD608425EBE457004ABFCF /* AudioTrack.swift */,
				9FAD608725EBE46B004ABFCF /* Artist.swift */,
				9FAD608A25EBE483004ABFCF /* UserProfile.swift */,
				9FAD609225EC4671004ABFCF /* AuthResponse.swift */,
				9F04C22625F7639F00669E1A /* SettingsModels.swift */,
			);
			path = Models;
			sourceTree = "<group>";
		};
		9FAD604C25EBE03B004ABFCF /* Controllers */ = {
			isa = PBXGroup;
			children = (
				9FAD605D25EBE2FD004ABFCF /* Other */,
				9FAD605B25EBE2E9004ABFCF /* Core */,
			);
			path = Controllers;
			sourceTree = "<group>";
		};
		9FAD604D25EBE045004ABFCF /* Resources */ = {
			isa = PBXGroup;
			children = (
				9F02BF1A25EBDEED007AA770 /* Assets.xcassets */,
				9F02BF1125EBDEEC007AA770 /* AppDelegate.swift */,
				9F02BF1325EBDEEC007AA770 /* SceneDelegate.swift */,
				9FAD608E25EBEED0004ABFCF /* Extensions.swift */,
			);
			path = Resources;
			sourceTree = "<group>";
		};
		9FAD605B25EBE2E9004ABFCF /* Core */ = {
			isa = PBXGroup;
			children = (
				9FAD605125EBE29B004ABFCF /* TabBarViewController.swift */,
				9F02BF1525EBDEEC007AA770 /* HomeViewController.swift */,
				9FAD605525EBE2C3004ABFCF /* SearchViewController.swift */,
				9FAD605825EBE2D5004ABFCF /* LibraryViewController.swift */,
			);
			path = Core;
			sourceTree = "<group>";
		};
		9FAD605D25EBE2FD004ABFCF /* Other */ = {
			isa = PBXGroup;
			children = (
				9FAD605E25EBE318004ABFCF /* AuthViewController.swift */,
				9FAD606125EBE322004ABFCF /* WelcomeViewController.swift */,
				9FAD606425EBE34B004ABFCF /* SettingsViewController.swift */,
				9FAD606725EBE361004ABFCF /* ProfileViewController.swift */,
				9FAD606A25EBE369004ABFCF /* PlayerViewController.swift */,
				9FAD606D25EBE378004ABFCF /* PlaylistViewController.swift */,
				9FAD607025EBE39B004ABFCF /* SearchResultsViewController.swift */,
			);
			path = Other;
			sourceTree = "<group>";
		};
/* End PBXGroup section */

/* Begin PBXNativeTarget section */
		9F02BF0D25EBDEEC007AA770 /* Spotify */ = {
			isa = PBXNativeTarget;
			buildConfigurationList = 9F02BF2225EBDEED007AA770 /* Build configuration list for PBXNativeTarget "Spotify" */;
			buildPhases = (
				9F02BF0A25EBDEEC007AA770 /* Sources */,
				9F02BF0B25EBDEEC007AA770 /* Frameworks */,
				9F02BF0C25EBDEEC007AA770 /* Resources */,
			);
			buildRules = (
			);
			dependencies = (
			);
			name = Spotify;
			productName = Spotify;
			productReference = 9F02BF0E25EBDEEC007AA770 /* Spotify.app */;
			productType = "com.apple.product-type.application";
		};
/* End PBXNativeTarget section */

/* Begin PBXProject section */
		9F02BF0625EBDEEC007AA770 /* Project object */ = {
			isa = PBXProject;
			attributes = {
				LastSwiftUpdateCheck = 1240;
				LastUpgradeCheck = 1240;
				TargetAttributes = {
					9F02BF0D25EBDEEC007AA770 = {
						CreatedOnToolsVersion = 12.4;
					};
				};
			};
			buildConfigurationList = 9F02BF0925EBDEEC007AA770 /* Build configuration list for PBXProject "Spotify" */;
			compatibilityVersion = "Xcode 9.3";
			developmentRegion = en;
			hasScannedForEncodings = 0;
			knownRegions = (
				en,
				Base,
			);
			mainGroup = 9F02BF0525EBDEEC007AA770;
			productRefGroup = 9F02BF0F25EBDEEC007AA770 /* Products */;
			projectDirPath = "";
			projectRoot = "";
			targets = (
				9F02BF0D25EBDEEC007AA770 /* Spotify */,
			);
		};
/* End PBXProject section */

/* Begin PBXResourcesBuildPhase section */
		9F02BF0C25EBDEEC007AA770 /* Resources */ = {
			isa = PBXResourcesBuildPhase;
			buildActionMask = 2147483647;
			files = (
				9F02BF1E25EBDEED007AA770 /* LaunchScreen.storyboard in Resources */,
				9F02BF1B25EBDEED007AA770 /* Assets.xcassets in Resources */,
			);
			runOnlyForDeploymentPostprocessing = 0;
		};
/* End PBXResourcesBuildPhase section */

/* Begin PBXSourcesBuildPhase section */
		9F02BF0A25EBDEEC007AA770 /* Sources */ = {
			isa = PBXSourcesBuildPhase;
			buildActionMask = 2147483647;
			files = (
				9FAD605625EBE2C3004ABFCF /* SearchViewController.swift in Sources */,
				9FAD608225EBE447004ABFCF /* Playlist.swift in Sources */,
				9FAD607925EBE3F4004ABFCF /* AuthManager.swift in Sources */,
				9FAD607125EBE39B004ABFCF /* SearchResultsViewController.swift in Sources */,
				9FAD606225EBE322004ABFCF /* WelcomeViewController.swift in Sources */,
				9FAD606825EBE361004ABFCF /* ProfileViewController.swift in Sources */,
				9FAD605225EBE29B004ABFCF /* TabBarViewController.swift in Sources */,
				9F02BF1625EBDEEC007AA770 /* HomeViewController.swift in Sources */,
				9FAD609325EC4671004ABFCF /* AuthResponse.swift in Sources */,
				9FAD608525EBE457004ABFCF /* AudioTrack.swift in Sources */,
				9FAD605F25EBE318004ABFCF /* AuthViewController.swift in Sources */,
				9F02BF1225EBDEEC007AA770 /* AppDelegate.swift in Sources */,
				9FAD605925EBE2D5004ABFCF /* LibraryViewController.swift in Sources */,
				9FAD608B25EBE483004ABFCF /* UserProfile.swift in Sources */,
				9FAD608F25EBEED0004ABFCF /* Extensions.swift in Sources */,
				9FAD607F25EBE41F004ABFCF /* HapticsManagers.swift in Sources */,
				9FAD608825EBE46B004ABFCF /* Artist.swift in Sources */,
				9F04C22725F7639F00669E1A /* SettingsModels.swift in Sources */,
				9FAD606E25EBE378004ABFCF /* PlaylistViewController.swift in Sources */,
				9F02BF1425EBDEEC007AA770 /* SceneDelegate.swift in Sources */,
				9FAD606B25EBE369004ABFCF /* PlayerViewController.swift in Sources */,
				9FAD607C25EBE40E004ABFCF /* APICaller.swift in Sources */,
				9FAD606525EBE34B004ABFCF /* SettingsViewController.swift in Sources */,
			);
			runOnlyForDeploymentPostprocessing = 0;
		};
/* End PBXSourcesBuildPhase section */

/* Begin PBXVariantGroup section */
		9F02BF1C25EBDEED007AA770 /* LaunchScreen.storyboard */ = {
			isa = PBXVariantGroup;
			children = (
				9F02BF1D25EBDEED007AA770 /* Base */,
			);
			name = LaunchScreen.storyboard;
			sourceTree = "<group>";
		};
/* End PBXVariantGroup section */

/* Begin XCBuildConfiguration section */
		9F02BF2025EBDEED007AA770 /* Debug */ = {
			isa = XCBuildConfiguration;
			buildSettings = {
				ALWAYS_SEARCH_USER_PATHS = NO;
				CLANG_ANALYZER_NONNULL = YES;
				CLANG_ANALYZER_NUMBER_OBJECT_CONVERSION = YES_AGGRESSIVE;
				CLANG_CXX_LANGUAGE_STANDARD = "gnu++14";
				CLANG_CXX_LIBRARY = "libc++";
				CLANG_ENABLE_MODULES = YES;
				CLANG_ENABLE_OBJC_ARC = YES;
				CLANG_ENABLE_OBJC_WEAK = YES;
				CLANG_WARN_BLOCK_CAPTURE_AUTORELEASING = YES;
				CLANG_WARN_BOOL_CONVERSION = YES;
				CLANG_WARN_COMMA = YES;
				CLANG_WARN_CONSTANT_CONVERSION = YES;
				CLANG_WARN_DEPRECATED_OBJC_IMPLEMENTATIONS = YES;
				CLANG_WARN_DIRECT_OBJC_ISA_USAGE = YES_ERROR;
				CLANG_WARN_DOCUMENTATION_COMMENTS = YES;
				CLANG_WARN_EMPTY_BODY = YES;
				CLANG_WARN_ENUM_CONVERSION = YES;
				CLANG_WARN_INFINITE_RECURSION = YES;
				CLANG_WARN_INT_CONVERSION = YES;
				CLANG_WARN_NON_LITERAL_NULL_CONVERSION = YES;
				CLANG_WARN_OBJC_IMPLICIT_RETAIN_SELF = YES;
				CLANG_WARN_OBJC_LITERAL_CONVERSION = YES;
				CLANG_WARN_OBJC_ROOT_CLASS = YES_ERROR;
				CLANG_WARN_QUOTED_INCLUDE_IN_FRAMEWORK_HEADER = YES;
				CLANG_WARN_RANGE_LOOP_ANALYSIS = YES;
				CLANG_WARN_STRICT_PROTOTYPES = YES;
				CLANG_WARN_SUSPICIOUS_MOVE = YES;
				CLANG_WARN_UNGUARDED_AVAILABILITY = YES_AGGRESSIVE;
				CLANG_WARN_UNREACHABLE_CODE = YES;
				CLANG_WARN__DUPLICATE_METHOD_MATCH = YES;
				COPY_PHASE_STRIP = NO;
				DEBUG_INFORMATION_FORMAT = dwarf;
				ENABLE_STRICT_OBJC_MSGSEND = YES;
				ENABLE_TESTABILITY = YES;
				GCC_C_LANGUAGE_STANDARD = gnu11;
				GCC_DYNAMIC_NO_PIC = NO;
				GCC_NO_COMMON_BLOCKS = YES;
				GCC_OPTIMIZATION_LEVEL = 0;
				GCC_PREPROCESSOR_DEFINITIONS = (
					"DEBUG=1",
					"$(inherited)",
				);
				GCC_WARN_64_TO_32_BIT_CONVERSION = YES;
				GCC_WARN_ABOUT_RETURN_TYPE = YES_ERROR;
				GCC_WARN_UNDECLARED_SELECTOR = YES;
				GCC_WARN_UNINITIALIZED_AUTOS = YES_AGGRESSIVE;
				GCC_WARN_UNUSED_FUNCTION = YES;
				GCC_WARN_UNUSED_VARIABLE = YES;
				IPHONEOS_DEPLOYMENT_TARGET = 14.4;
				MTL_ENABLE_DEBUG_INFO = INCLUDE_SOURCE;
				MTL_FAST_MATH = YES;
				ONLY_ACTIVE_ARCH = YES;
				SDKROOT = iphoneos;
				SWIFT_ACTIVE_COMPILATION_CONDITIONS = DEBUG;
				SWIFT_OPTIMIZATION_LEVEL = "-Onone";
			};
			name = Debug;
		};
		9F02BF2125EBDEED007AA770 /* Release */ = {
			isa = XCBuildConfiguration;
			buildSettings = {
				ALWAYS_SEARCH_USER_PATHS = NO;
				CLANG_ANALYZER_NONNULL = YES;
				CLANG_ANALYZER_NUMBER_OBJECT_CONVERSION = YES_AGGRESSIVE;
				CLANG_CXX_LANGUAGE_STANDARD = "gnu++14";
				CLANG_CXX_LIBRARY = "libc++";
				CLANG_ENABLE_MODULES = YES;
				CLANG_ENABLE_OBJC_ARC = YES;
				CLANG_ENABLE_OBJC_WEAK = YES;
				CLANG_WARN_BLOCK_CAPTURE_AUTORELEASING = YES;
				CLANG_WARN_BOOL_CONVERSION = YES;
				CLANG_WARN_COMMA = YES;
				CLANG_WARN_CONSTANT_CONVERSION = YES;
				CLANG_WARN_DEPRECATED_OBJC_IMPLEMENTATIONS = YES;
				CLANG_WARN_DIRECT_OBJC_ISA_USAGE = YES_ERROR;
				CLANG_WARN_DOCUMENTATION_COMMENTS = YES;
				CLANG_WARN_EMPTY_BODY = YES;
				CLANG_WARN_ENUM_CONVERSION = YES;
				CLANG_WARN_INFINITE_RECURSION = YES;
				CLANG_WARN_INT_CONVERSION = YES;
				CLANG_WARN_NON_LITERAL_NULL_CONVERSION = YES;
				CLANG_WARN_OBJC_IMPLICIT_RETAIN_SELF = YES;
				CLANG_WARN_OBJC_LITERAL_CONVERSION = YES;
				CLANG_WARN_OBJC_ROOT_CLASS = YES_ERROR;
				CLANG_WARN_QUOTED_INCLUDE_IN_FRAMEWORK_HEADER = YES;
				CLANG_WARN_RANGE_LOOP_ANALYSIS = YES;
				CLANG_WARN_STRICT_PROTOTYPES = YES;
				CLANG_WARN_SUSPICIOUS_MOVE = YES;
				CLANG_WARN_UNGUARDED_AVAILABILITY = YES_AGGRESSIVE;
				CLANG_WARN_UNREACHABLE_CODE = YES;
				CLANG_WARN__DUPLICATE_METHOD_MATCH = YES;
				COPY_PHASE_STRIP = NO;
				DEBUG_INFORMATION_FORMAT = "dwarf-with-dsym";
				ENABLE_NS_ASSERTIONS = NO;
				ENABLE_STRICT_OBJC_MSGSEND = YES;
				GCC_C_LANGUAGE_STANDARD = gnu11;
				GCC_NO_COMMON_BLOCKS = YES;
				GCC_WARN_64_TO_32_BIT_CONVERSION = YES;
				GCC_WARN_ABOUT_RETURN_TYPE = YES_ERROR;
				GCC_WARN_UNDECLARED_SELECTOR = YES;
				GCC_WARN_UNINITIALIZED_AUTOS = YES_AGGRESSIVE;
				GCC_WARN_UNUSED_FUNCTION = YES;
				GCC_WARN_UNUSED_VARIABLE = YES;
				IPHONEOS_DEPLOYMENT_TARGET = 14.4;
				MTL_ENABLE_DEBUG_INFO = NO;
				MTL_FAST_MATH = YES;
				SDKROOT = iphoneos;
				SWIFT_COMPILATION_MODE = wholemodule;
				SWIFT_OPTIMIZATION_LEVEL = "-O";
				VALIDATE_PRODUCT = YES;
			};
			name = Release;
		};
		9F02BF2325EBDEED007AA770 /* Debug */ = {
			isa = XCBuildConfiguration;
			buildSettings = {
				ASSETCATALOG_COMPILER_APPICON_NAME = AppIcon;
				ASSETCATALOG_COMPILER_GLOBAL_ACCENT_COLOR_NAME = AccentColor;
				CODE_SIGN_STYLE = Automatic;
				DEVELOPMENT_TEAM = HVYSP87QNK;
				INFOPLIST_FILE = Spotify/Info.plist;
				LD_RUNPATH_SEARCH_PATHS = (
					"$(inherited)",
					"@executable_path/Frameworks",
				);
				PRODUCT_BUNDLE_IDENTIFIER = Akhadjon.Spotify;
				PRODUCT_NAME = "$(TARGET_NAME)";
				SWIFT_VERSION = 5.0;
				TARGETED_DEVICE_FAMILY = "1,2";
			};
			name = Debug;
		};
		9F02BF2425EBDEED007AA770 /* Release */ = {
			isa = XCBuildConfiguration;
			buildSettings = {
				ASSETCATALOG_COMPILER_APPICON_NAME = AppIcon;
				ASSETCATALOG_COMPILER_GLOBAL_ACCENT_COLOR_NAME = AccentColor;
				CODE_SIGN_STYLE = Automatic;
				DEVELOPMENT_TEAM = HVYSP87QNK;
				INFOPLIST_FILE = Spotify/Info.plist;
				LD_RUNPATH_SEARCH_PATHS = (
					"$(inherited)",
					"@executable_path/Frameworks",
				);
				PRODUCT_BUNDLE_IDENTIFIER = Akhadjon.Spotify;
				PRODUCT_NAME = "$(TARGET_NAME)";
				SWIFT_VERSION = 5.0;
				TARGETED_DEVICE_FAMILY = "1,2";
			};
			name = Release;
		};
/* End XCBuildConfiguration section */

/* Begin XCConfigurationList section */
		9F02BF0925EBDEEC007AA770 /* Build configuration list for PBXProject "Spotify" */ = {
			isa = XCConfigurationList;
			buildConfigurations = (
				9F02BF2025EBDEED007AA770 /* Debug */,
				9F02BF2125EBDEED007AA770 /* Release */,
			);
			defaultConfigurationIsVisible = 0;
			defaultConfigurationName = Release;
		};
		9F02BF2225EBDEED007AA770 /* Build configuration list for PBXNativeTarget "Spotify" */ = {
			isa = XCConfigurationList;
			buildConfigurations = (
				9F02BF2325EBDEED007AA770 /* Debug */,
				9F02BF2425EBDEED007AA770 /* Release */,
			);
			defaultConfigurationIsVisible = 0;
			defaultConfigurationName = Release;
		};
/* End XCConfigurationList section */
	};
	rootObject = 9F02BF0625EBDEEC007AA770 /* Project object */;
}
